
Microsoft Visual Studio Solution File, Format Version 12.00
# Visual Studio Version 16
VisualStudioVersion = 16.0.29306.81
MinimumVisualStudioVersion = 10.0.40219.1
Project("{FAE04EC0-301F-11D3-BF4B-00C04F79EFBC}") = "n01355438_Assignment1a", "n01355438_Assignment1a\n01355438_Assignment1a.csproj", "{7D77ADB1-DB99-42FB-8B27-194340D17898}"
EndProject
Global
	GlobalSection(SolutionConfigurationPlatforms) = preSolution
		Debug|Any CPU = Debug|Any CPU
		Release|Any CPU = Release|Any CPU
	EndGlobalSection
	GlobalSection(ProjectConfigurationPlatforms) = postSolution
		{7D77ADB1-DB99-42FB-8B27-194340D17898}.Debug|Any CPU.ActiveCfg = Debug|Any CPU
		{7D77ADB1-DB99-42FB-8B27-194340D17898}.Debug|Any CPU.Build.0 = Debug|Any CPU
		{7D77ADB1-DB99-42FB-8B27-194340D17898}.Release|Any CPU.ActiveCfg = Release|Any CPU
		{7D77ADB1-DB99-42FB-8B27-194340D17898}.Release|Any CPU.Build.0 = Release|Any CPU
	EndGlobalSection
	GlobalSection(SolutionProperties) = preSolution
		HideSolutionNode = FALSE
	EndGlobalSection
	GlobalSection(ExtensibilityGlobals) = postSolution
		SolutionGuid = {D044856F-F09D-4006-B357-96A2BD06AE9C}
	EndGlobalSection
EndGlobal
